{
  "nodes": {
    "nixCats": {
      "locked": {
        "lastModified": 1753170780,
        "narHash": "sha256-rxnjPhOu7kr3REU8AhbKwRYnXHWlRXBqgWOO9MD0HyY=",
        "owner": "BirdeeHub",
        "repo": "nixCats-nvim",
        "rev": "e0c3fd5c218c808ce31e29caa91df43c65d7dfc6",
        "type": "github"
      },
      "original": {
        "owner": "BirdeeHub",
        "repo": "nixCats-nvim",
        "type": "github"
      }
    },
    "nixpkgs": {
      "locked": {
        "lastModified": 1755082269,
        "narHash": "sha256-Ix7ALeaxv9tW4uBKWeJnaKpYZtZiX4H4Q/MhEmj4XYA=",
        "owner": "nixos",
        "repo": "nixpkgs",
        "rev": "d74de548348c46cf25cb1fcc4b74f38103a4590d",
        "type": "github"
      },
      "original": {
        "owner": "nixos",
        "ref": "nixpkgs-unstable",
        "repo": "nixpkgs",
        "type": "github"
      }
    },
    "plugins-obsidian-nvim": {
      "flake": false,
      "locked": {
        "lastModified": 1755051665,
        "narHash": "sha256-ZEyEwe/gSlO0uIabZ77GaT4b0hcwuzRRwr1+CXasDgs=",
        "owner": "obsidian-nvim",
        "repo": "obsidian.nvim",
        "rev": "4fd01de50c7fea3616f6809f19e9be8d2dc6ce63",
        "type": "github"
      },
      "original": {
        "owner": "obsidian-nvim",
        "repo": "obsidian.nvim",
        "type": "github"
      }
    },
    "plugins-youversion-linker-nvim": {
      "flake": false,
      "locked": {
        "lastModified": 1757156487,
        "narHash": "sha256-XQ21vtk+/ekgSMftlqkwhSV1ZbQpaSdAkaue/HZHdFM=",
        "owner": "hashPhoeNiX",
        "repo": "youversion-linker.nvim",
        "rev": "fd3e1257e631f0a105d9fb857c86492f5c5039d6",
        "type": "github"
      },
      "original": {
        "owner": "hashPhoeNiX",
        "ref": "feat/initial-setup",
        "repo": "youversion-linker.nvim",
        "type": "github"
      }
    },
    "root": {
      "inputs": {
        "nixCats": "nixCats",
        "nixpkgs": "nixpkgs",
        "plugins-obsidian-nvim": "plugins-obsidian-nvim",
        "plugins-youversion-linker-nvim": "plugins-youversion-linker-nvim"
      }
    }
  },
  "root": "root",
  "version": 7
}
