{
  "nodes": {
    "nixCats": {
      "locked": {
        "lastModified": 1765766809,
        "narHash": "sha256-3Xp41+Sb1zIzASa1Uu1k1RMUoJ9CGyYb0GtvvpRPBqg=",
        "owner": "BirdeeHub",
        "repo": "nixCats-nvim",
        "rev": "fe157e3ed69ed14b55ca81f597eac282caed58a2",
        "type": "github"
      },
      "original": {
        "owner": "BirdeeHub",
        "repo": "nixCats-nvim",
        "type": "github"
      }
    },
    "nixpkgs": {
      "locked": {
        "lastModified": 1765934234,
        "narHash": "sha256-pJjWUzNnjbIAMIc5gRFUuKCDQ9S1cuh3b2hKgA7Mc4A=",
        "owner": "nixos",
        "repo": "nixpkgs",
        "rev": "af84f9d270d404c17699522fab95bbf928a2d92f",
        "type": "github"
      },
      "original": {
        "owner": "nixos",
        "ref": "nixpkgs-unstable",
        "repo": "nixpkgs",
        "type": "github"
      }
    },
    "plugins-cmp-dbt": {
      "flake": false,
      "locked": {
        "lastModified": 1710602335,
        "narHash": "sha256-V1QOJQMrWwBHzYp4ivj0mUTqxSFurhz+kBhStZBir0M=",
        "owner": "MattiasMTS",
        "repo": "cmp-dbt",
        "rev": "3ac763e8ffa69437b9bdc1f2015a131293509bb5",
        "type": "github"
      },
      "original": {
        "owner": "MattiasMTS",
        "repo": "cmp-dbt",
        "type": "github"
      }
    },
    "plugins-dbtpal": {
      "flake": false,
      "locked": {
        "lastModified": 1750350475,
        "narHash": "sha256-jxyD1knlfCqENotkSvzHQr3+vVOiOD735umHwRWuCpY=",
        "owner": "PedramNavid",
        "repo": "dbtpal",
        "rev": "981eab51609362712c64e3cf3fb773fe11f859b9",
        "type": "github"
      },
      "original": {
        "owner": "PedramNavid",
        "repo": "dbtpal",
        "type": "github"
      }
    },
    "plugins-molten-nvim": {
      "flake": false,
      "locked": {
        "lastModified": 1762386932,
        "narHash": "sha256-7+OXmwYue7nfE50836jkuxkviT761aHvH+Ca+zyMFPQ=",
        "owner": "benlubas",
        "repo": "molten-nvim",
        "rev": "4fd7be6a12b5efda5179db642f13bad60893acca",
        "type": "github"
      },
      "original": {
        "owner": "benlubas",
        "repo": "molten-nvim",
        "type": "github"
      }
    },
    "plugins-obsidian-nvim": {
      "flake": false,
      "locked": {
        "lastModified": 1765837034,
        "narHash": "sha256-tajK7sBcvvZt0WPBXYLNTR7KGchw9SHc85/xmLu4ADQ=",
        "owner": "obsidian-nvim",
        "repo": "obsidian.nvim",
        "rev": "ecc7884fbfb8c1ee91ea5e346424040a01a8dece",
        "type": "github"
      },
      "original": {
        "owner": "obsidian-nvim",
        "repo": "obsidian.nvim",
        "type": "github"
      }
    },
    "plugins-remote-ssh-nvim": {
      "flake": false,
      "locked": {
        "lastModified": 1761777053,
        "narHash": "sha256-SjMetcWGK38MVgixP+SLpyt3s+MokNvad35MRUzTrEc=",
        "owner": "inhesrom",
        "repo": "remote-ssh.nvim",
        "rev": "3caf35ad6e571786c8b2ddfdb59d2e04e824c896",
        "type": "github"
      },
      "original": {
        "owner": "inhesrom",
        "repo": "remote-ssh.nvim",
        "type": "github"
      }
    },
    "plugins-sshfs-nvim": {
      "flake": false,
      "locked": {
        "lastModified": 1765927605,
        "narHash": "sha256-BmK6NAa/k3EW2aF2hoCl3YyFwYVS0oQNo1U1gJGGGso=",
        "owner": "uhs-robert",
        "repo": "sshfs.nvim",
        "rev": "36b031f1e6416c37e2b501b6fe9468893dde980b",
        "type": "github"
      },
      "original": {
        "owner": "uhs-robert",
        "repo": "sshfs.nvim",
        "type": "github"
      }
    },
    "plugins-youversion-linker-nvim": {
      "flake": false,
      "locked": {
        "lastModified": 1757768727,
        "narHash": "sha256-p53iJkZy/bPUeGNaMYvUhlAj7xjmluPln1nho3fOC6Q=",
        "owner": "hashPhoeNiX",
        "repo": "youversion-linker.nvim",
        "rev": "f62fa28767b68413b0352d6ca31aab0cf990ea57",
        "type": "github"
      },
      "original": {
        "owner": "hashPhoeNiX",
        "ref": "feat/initial-setup",
        "repo": "youversion-linker.nvim",
        "type": "github"
      }
    },
    "root": {
      "inputs": {
        "nixCats": "nixCats",
        "nixpkgs": "nixpkgs",
        "plugins-cmp-dbt": "plugins-cmp-dbt",
        "plugins-dbtpal": "plugins-dbtpal",
        "plugins-molten-nvim": "plugins-molten-nvim",
        "plugins-obsidian-nvim": "plugins-obsidian-nvim",
        "plugins-remote-ssh-nvim": "plugins-remote-ssh-nvim",
        "plugins-sshfs-nvim": "plugins-sshfs-nvim",
        "plugins-youversion-linker-nvim": "plugins-youversion-linker-nvim"
      }
    }
  },
  "root": "root",
  "version": 7
}
